// !$*UTF8*$!
{
	archiveVersion = 1;
	classes = {
	};
	objectVersion = 77;
	objects = {

/* Begin PBXBuildFile section */
		4B1DF9AC2CC15931007BA391 /* AppDelegate.swift in Sources */ = {isa = PBXBuildFile; fileRef = 4B1DF9A22CC15931007BA391 /* AppDelegate.swift */; };
		4B1DF9AD2CC15931007BA391 /* petp_gym_master.xcdatamodeld in Sources */ = {isa = PBXBuildFile; fileRef = 4B1DF9A72CC15931007BA391 /* petp_gym_master.xcdatamodeld */; };
		4B1DF9AE2CC15931007BA391 /* SceneDelegate.swift in Sources */ = {isa = PBXBuildFile; fileRef = 4B1DF9A82CC15931007BA391 /* SceneDelegate.swift */; };
		4B1DF9AF2CC15931007BA391 /* MainViewController.swift in Sources */ = {isa = PBXBuildFile; fileRef = 4B1DF9A92CC15931007BA391 /* MainViewController.swift */; };
		4B1DF9B02CC15931007BA391 /* Assets.xcassets in Resources */ = {isa = PBXBuildFile; fileRef = 4B1DF9A32CC15931007BA391 /* Assets.xcassets */; };
		4B1DF9B22CC15931007BA391 /* LaunchScreen.storyboard in Resources */ = {isa = PBXBuildFile; fileRef = 4B1DF9A62CC15931007BA391 /* LaunchScreen.storyboard */; };
		4B1DF9B92CC15B5D007BA391 /* SnapKit in Frameworks */ = {isa = PBXBuildFile; productRef = 4B1DF9B82CC15B5D007BA391 /* SnapKit */; };
		4B51C1812CC6C9F8003D6CBD /* MainTabBarController.swift in Sources */ = {isa = PBXBuildFile; fileRef = 4B51C1802CC6C9F7003D6CBD /* MainTabBarController.swift */; };
		4B51C1832CC7B833003D6CBD /* TrainingCollectionViewCell.swift in Sources */ = {isa = PBXBuildFile; fileRef = 4B51C1822CC7B833003D6CBD /* TrainingCollectionViewCell.swift */; };
		4B51C1852CC9BF0E003D6CBD /* NewTrainingViewController.swift in Sources */ = {isa = PBXBuildFile; fileRef = 4B51C1842CC9BEF8003D6CBD /* NewTrainingViewController.swift */; };
		4B51C1872CCA9D67003D6CBD /* Colors.swift in Sources */ = {isa = PBXBuildFile; fileRef = 4B51C1862CCA9D51003D6CBD /* Colors.swift */; };
		4B51C1892CCAE614003D6CBD /* presenter.swift in Sources */ = {isa = PBXBuildFile; fileRef = 4B51C1882CCAE610003D6CBD /* presenter.swift */; };
		4B51C18B2CCAE770003D6CBD /* DataManager.swift in Sources */ = {isa = PBXBuildFile; fileRef = 4B51C18A2CCAE74D003D6CBD /* DataManager.swift */; };
		4BB754D72CC6BF0000561D38 /* TrainingCollectionView.swift in Sources */ = {isa = PBXBuildFile; fileRef = 4BB754D62CC6BF0000561D38 /* TrainingCollectionView.swift */; };
/* End PBXBuildFile section */

/* Begin PBXFileReference section */
		4B1DF9A22CC15931007BA391 /* AppDelegate.swift */ = {isa = PBXFileReference; lastKnownFileType = sourcecode.swift; path = AppDelegate.swift; sourceTree = "<group>"; };
		4B1DF9A32CC15931007BA391 /* Assets.xcassets */ = {isa = PBXFileReference; lastKnownFileType = folder.assetcatalog; path = Assets.xcassets; sourceTree = "<group>"; };
		4B1DF9A42CC15931007BA391 /* Info.plist */ = {isa = PBXFileReference; lastKnownFileType = text.plist.xml; path = Info.plist; sourceTree = "<group>"; };
		4B1DF9A52CC15931007BA391 /* Base */ = {isa = PBXFileReference; lastKnownFileType = file.storyboard; name = Base; path = Base.lproj/LaunchScreen.storyboard; sourceTree = "<group>"; };
		4B1DF9A82CC15931007BA391 /* SceneDelegate.swift */ = {isa = PBXFileReference; lastKnownFileType = sourcecode.swift; path = SceneDelegate.swift; sourceTree = "<group>"; };
		4B1DF9A92CC15931007BA391 /* MainViewController.swift */ = {isa = PBXFileReference; lastKnownFileType = sourcecode.swift; path = MainViewController.swift; sourceTree = "<group>"; };
		4B1DF9AB2CC15931007BA391 /* petp_gym_master.xcdatamodel */ = {isa = PBXFileReference; lastKnownFileType = wrapper.xcdatamodel; path = petp_gym_master.xcdatamodel; sourceTree = "<group>"; };
		4B51C1802CC6C9F7003D6CBD /* MainTabBarController.swift */ = {isa = PBXFileReference; lastKnownFileType = sourcecode.swift; path = MainTabBarController.swift; sourceTree = "<group>"; };
		4B51C1822CC7B833003D6CBD /* TrainingCollectionViewCell.swift */ = {isa = PBXFileReference; lastKnownFileType = sourcecode.swift; path = TrainingCollectionViewCell.swift; sourceTree = "<group>"; };
		4B51C1842CC9BEF8003D6CBD /* NewTrainingViewController.swift */ = {isa = PBXFileReference; lastKnownFileType = sourcecode.swift; path = NewTrainingViewController.swift; sourceTree = "<group>"; };
		4B51C1862CCA9D51003D6CBD /* Colors.swift */ = {isa = PBXFileReference; lastKnownFileType = sourcecode.swift; path = Colors.swift; sourceTree = "<group>"; };
		4B51C1882CCAE610003D6CBD /* presenter.swift */ = {isa = PBXFileReference; lastKnownFileType = sourcecode.swift; path = presenter.swift; sourceTree = "<group>"; };
		4B51C18A2CCAE74D003D6CBD /* DataManager.swift */ = {isa = PBXFileReference; lastKnownFileType = sourcecode.swift; path = DataManager.swift; sourceTree = "<group>"; };
		4BB0C0682CC010C2009C6CCA /* petp-gym-master.app */ = {isa = PBXFileReference; explicitFileType = wrapper.application; includeInIndex = 0; path = "petp-gym-master.app"; sourceTree = BUILT_PRODUCTS_DIR; };
		4BB754D62CC6BF0000561D38 /* TrainingCollectionView.swift */ = {isa = PBXFileReference; lastKnownFileType = sourcecode.swift; path = TrainingCollectionView.swift; sourceTree = "<group>"; };
/* End PBXFileReference section */

/* Begin PBXFrameworksBuildPhase section */
		4BB0C0652CC010C2009C6CCA /* Frameworks */ = {
			isa = PBXFrameworksBuildPhase;
			buildActionMask = 2147483647;
			files = (
				4B1DF9B92CC15B5D007BA391 /* SnapKit in Frameworks */,
			);
			runOnlyForDeploymentPostprocessing = 0;
		};
/* End PBXFrameworksBuildPhase section */

/* Begin PBXGroup section */
		4B1DF9AA2CC15931007BA391 /* petp-gym-master */ = {
			isa = PBXGroup;
			children = (
				4B1DF9B62CC1596E007BA391 /* View */,
				4B1DF9B42CC15944007BA391 /* Presenter */,
				4B1DF9B32CC15934007BA391 /* Model */,
				4B1DF9A22CC15931007BA391 /* AppDelegate.swift */,
				4B1DF9A32CC15931007BA391 /* Assets.xcassets */,
				4B1DF9A42CC15931007BA391 /* Info.plist */,
				4B1DF9A62CC15931007BA391 /* LaunchScreen.storyboard */,
				4B1DF9A82CC15931007BA391 /* SceneDelegate.swift */,
			);
			path = "petp-gym-master";
			sourceTree = "<group>";
		};
		4B1DF9B32CC15934007BA391 /* Model */ = {
			isa = PBXGroup;
			children = (
				4B51C18A2CCAE74D003D6CBD /* DataManager.swift */,
				4B1DF9A72CC15931007BA391 /* petp_gym_master.xcdatamodeld */,
			);
			path = Model;
			sourceTree = "<group>";
		};
		4B1DF9B42CC15944007BA391 /* Presenter */ = {
			isa = PBXGroup;
			children = (
				4B51C1882CCAE610003D6CBD /* presenter.swift */,
			);
			path = Presenter;
			sourceTree = "<group>";
		};
		4B1DF9B62CC1596E007BA391 /* View */ = {
			isa = PBXGroup;
			children = (
				4B51C1862CCA9D51003D6CBD /* Colors.swift */,
				4B51C1842CC9BEF8003D6CBD /* NewTrainingViewController.swift */,
				4B51C17D2CC6C87F003D6CBD /* TrainingCollection */,
				4B1DF9A92CC15931007BA391 /* MainViewController.swift */,
				4B51C1802CC6C9F7003D6CBD /* MainTabBarController.swift */,
			);
			path = View;
			sourceTree = "<group>";
		};
		4B51C17D2CC6C87F003D6CBD /* TrainingCollection */ = {
			isa = PBXGroup;
			children = (
				4BB754D62CC6BF0000561D38 /* TrainingCollectionView.swift */,
				4B51C1822CC7B833003D6CBD /* TrainingCollectionViewCell.swift */,
			);
			path = TrainingCollection;
			sourceTree = "<group>";
		};
		4BB0C05F2CC010C2009C6CCA = {
			isa = PBXGroup;
			children = (
				4B1DF9AA2CC15931007BA391 /* petp-gym-master */,
				4BB0C0692CC010C2009C6CCA /* Products */,
			);
			sourceTree = "<group>";
		};
		4BB0C0692CC010C2009C6CCA /* Products */ = {
			isa = PBXGroup;
			children = (
				4BB0C0682CC010C2009C6CCA /* petp-gym-master.app */,
			);
			name = Products;
			sourceTree = "<group>";
		};
/* End PBXGroup section */

/* Begin PBXNativeTarget section */
		4BB0C0672CC010C2009C6CCA /* petp-gym-master */ = {
			isa = PBXNativeTarget;
			buildConfigurationList = 4BB0C07E2CC010C4009C6CCA /* Build configuration list for PBXNativeTarget "petp-gym-master" */;
			buildPhases = (
				4BB0C0642CC010C2009C6CCA /* Sources */,
				4BB0C0652CC010C2009C6CCA /* Frameworks */,
				4BB0C0662CC010C2009C6CCA /* Resources */,
			);
			buildRules = (
			);
			dependencies = (
			);
			name = "petp-gym-master";
			packageProductDependencies = (
				4B1DF9B82CC15B5D007BA391 /* SnapKit */,
				4B1DF9BA2CC15B5D007BA391 /* SnapKit-Dynamic */,
			);
			productName = "petp-gym-master";
			productReference = 4BB0C0682CC010C2009C6CCA /* petp-gym-master.app */;
			productType = "com.apple.product-type.application";
		};
/* End PBXNativeTarget section */

/* Begin PBXProject section */
		4BB0C0602CC010C2009C6CCA /* Project object */ = {
			isa = PBXProject;
			attributes = {
				BuildIndependentTargetsInParallel = 1;
				LastSwiftUpdateCheck = 1600;
				LastUpgradeCheck = 1600;
				TargetAttributes = {
					4BB0C0672CC010C2009C6CCA = {
						CreatedOnToolsVersion = 16.0;
					};
				};
			};
			buildConfigurationList = 4BB0C0632CC010C2009C6CCA /* Build configuration list for PBXProject "petp-gym-master" */;
			developmentRegion = en;
			hasScannedForEncodings = 0;
			knownRegions = (
				en,
				Base,
			);
			mainGroup = 4BB0C05F2CC010C2009C6CCA;
			minimizedProjectReferenceProxies = 1;
			packageReferences = (
				4B1DF9B72CC15B5D007BA391 /* XCRemoteSwiftPackageReference "SnapKit" */,
			);
			preferredProjectObjectVersion = 77;
			productRefGroup = 4BB0C0692CC010C2009C6CCA /* Products */;
			projectDirPath = "";
			projectRoot = "";
			targets = (
				4BB0C0672CC010C2009C6CCA /* petp-gym-master */,
			);
		};
/* End PBXProject section */

/* Begin PBXResourcesBuildPhase section */
		4BB0C0662CC010C2009C6CCA /* Resources */ = {
			isa = PBXResourcesBuildPhase;
			buildActionMask = 2147483647;
			files = (
				4B1DF9B02CC15931007BA391 /* Assets.xcassets in Resources */,
				4B1DF9B22CC15931007BA391 /* LaunchScreen.storyboard in Resources */,
			);
			runOnlyForDeploymentPostprocessing = 0;
		};
/* End PBXResourcesBuildPhase section */

/* Begin PBXSourcesBuildPhase section */
		4BB0C0642CC010C2009C6CCA /* Sources */ = {
			isa = PBXSourcesBuildPhase;
			buildActionMask = 2147483647;
			files = (
				4B51C1812CC6C9F8003D6CBD /* MainTabBarController.swift in Sources */,
				4B51C1872CCA9D67003D6CBD /* Colors.swift in Sources */,
				4B51C1892CCAE614003D6CBD /* presenter.swift in Sources */,
				4B51C1852CC9BF0E003D6CBD /* NewTrainingViewController.swift in Sources */,
				4B1DF9AC2CC15931007BA391 /* AppDelegate.swift in Sources */,
				4B51C1832CC7B833003D6CBD /* TrainingCollectionViewCell.swift in Sources */,
				4BB754D72CC6BF0000561D38 /* TrainingCollectionView.swift in Sources */,
				4B1DF9AD2CC15931007BA391 /* petp_gym_master.xcdatamodeld in Sources */,
				4B51C18B2CCAE770003D6CBD /* DataManager.swift in Sources */,
				4B1DF9AE2CC15931007BA391 /* SceneDelegate.swift in Sources */,
				4B1DF9AF2CC15931007BA391 /* MainViewController.swift in Sources */,
			);
			runOnlyForDeploymentPostprocessing = 0;
		};
/* End PBXSourcesBuildPhase section */

/* Begin PBXVariantGroup section */
		4B1DF9A62CC15931007BA391 /* LaunchScreen.storyboard */ = {
			isa = PBXVariantGroup;
			children = (
				4B1DF9A52CC15931007BA391 /* Base */,
			);
			name = LaunchScreen.storyboard;
			sourceTree = "<group>";
		};
/* End PBXVariantGroup section */

/* Begin XCBuildConfiguration section */
		4BB0C07F2CC010C4009C6CCA /* Debug */ = {
			isa = XCBuildConfiguration;
			buildSettings = {
				ASSETCATALOG_COMPILER_APPICON_NAME = AppIcon;
				ASSETCATALOG_COMPILER_GLOBAL_ACCENT_COLOR_NAME = AccentColor;
				CODE_SIGN_STYLE = Automatic;
				CURRENT_PROJECT_VERSION = 1;
				GENERATE_INFOPLIST_FILE = YES;
				INFOPLIST_FILE = "petp-gym-master/Info.plist";
				INFOPLIST_KEY_UIApplicationSupportsIndirectInputEvents = YES;
				INFOPLIST_KEY_UILaunchStoryboardName = LaunchScreen;
				INFOPLIST_KEY_UIMainStoryboardFile = "";
				INFOPLIST_KEY_UISupportedInterfaceOrientations_iPad = "UIInterfaceOrientationPortrait UIInterfaceOrientationPortraitUpsideDown UIInterfaceOrientationLandscapeLeft UIInterfaceOrientationLandscapeRight";
				INFOPLIST_KEY_UISupportedInterfaceOrientations_iPhone = "UIInterfaceOrientationPortrait UIInterfaceOrientationLandscapeLeft UIInterfaceOrientationLandscapeRight";
				LD_RUNPATH_SEARCH_PATHS = (
					"$(inherited)",
					"@executable_path/Frameworks",
				);
				MARKETING_VERSION = 1.0;
				PRODUCT_BUNDLE_IDENTIFIER = "mraf.petp-gym-master";
				PRODUCT_NAME = "$(TARGET_NAME)";
				SWIFT_EMIT_LOC_STRINGS = YES;
				SWIFT_VERSION = 5.0;
				TARGETED_DEVICE_FAMILY = "1,2";
			};
			name = Debug;
		};
		4BB0C0802CC010C4009C6CCA /* Release */ = {
			isa = XCBuildConfiguration;
			buildSettings = {
				ASSETCATALOG_COMPILER_APPICON_NAME = AppIcon;
				ASSETCATALOG_COMPILER_GLOBAL_ACCENT_COLOR_NAME = AccentColor;
				CODE_SIGN_STYLE = Automatic;
				CURRENT_PROJECT_VERSION = 1;
				GENERATE_INFOPLIST_FILE = YES;
				INFOPLIST_FILE = "petp-gym-master/Info.plist";
				INFOPLIST_KEY_UIApplicationSupportsIndirectInputEvents = YES;
				INFOPLIST_KEY_UILaunchStoryboardName = LaunchScreen;
				INFOPLIST_KEY_UIMainStoryboardFile = "";
				INFOPLIST_KEY_UISupportedInterfaceOrientations_iPad = "UIInterfaceOrientationPortrait UIInterfaceOrientationPortraitUpsideDown UIInterfaceOrientationLandscapeLeft UIInterfaceOrientationLandscapeRight";
				INFOPLIST_KEY_UISupportedInterfaceOrientations_iPhone = "UIInterfaceOrientationPortrait UIInterfaceOrientationLandscapeLeft UIInterfaceOrientationLandscapeRight";
				LD_RUNPATH_SEARCH_PATHS = (
					"$(inherited)",
					"@executable_path/Frameworks",
				);
				MARKETING_VERSION = 1.0;
				PRODUCT_BUNDLE_IDENTIFIER = "mraf.petp-gym-master";
				PRODUCT_NAME = "$(TARGET_NAME)";
				SWIFT_EMIT_LOC_STRINGS = YES;
				SWIFT_VERSION = 5.0;
				TARGETED_DEVICE_FAMILY = "1,2";
			};
			name = Release;
		};
		4BB0C0812CC010C4009C6CCA /* Debug */ = {
			isa = XCBuildConfiguration;
			buildSettings = {
				ALWAYS_SEARCH_USER_PATHS = NO;
				ASSETCATALOG_COMPILER_GENERATE_SWIFT_ASSET_SYMBOL_EXTENSIONS = YES;
				CLANG_ANALYZER_NONNULL = YES;
				CLANG_ANALYZER_NUMBER_OBJECT_CONVERSION = YES_AGGRESSIVE;
				CLANG_CXX_LANGUAGE_STANDARD = "gnu++20";
				CLANG_ENABLE_MODULES = YES;
				CLANG_ENABLE_OBJC_ARC = YES;
				CLANG_ENABLE_OBJC_WEAK = YES;
				CLANG_WARN_BLOCK_CAPTURE_AUTORELEASING = YES;
				CLANG_WARN_BOOL_CONVERSION = YES;
				CLANG_WARN_COMMA = YES;
				CLANG_WARN_CONSTANT_CONVERSION = YES;
				CLANG_WARN_DEPRECATED_OBJC_IMPLEMENTATIONS = YES;
				CLANG_WARN_DIRECT_OBJC_ISA_USAGE = YES_ERROR;
				CLANG_WARN_DOCUMENTATION_COMMENTS = YES;
				CLANG_WARN_EMPTY_BODY = YES;
				CLANG_WARN_ENUM_CONVERSION = YES;
				CLANG_WARN_INFINITE_RECURSION = YES;
				CLANG_WARN_INT_CONVERSION = YES;
				CLANG_WARN_NON_LITERAL_NULL_CONVERSION = YES;
				CLANG_WARN_OBJC_IMPLICIT_RETAIN_SELF = YES;
				CLANG_WARN_OBJC_LITERAL_CONVERSION = YES;
				CLANG_WARN_OBJC_ROOT_CLASS = YES_ERROR;
				CLANG_WARN_QUOTED_INCLUDE_IN_FRAMEWORK_HEADER = YES;
				CLANG_WARN_RANGE_LOOP_ANALYSIS = YES;
				CLANG_WARN_STRICT_PROTOTYPES = YES;
				CLANG_WARN_SUSPICIOUS_MOVE = YES;
				CLANG_WARN_UNGUARDED_AVAILABILITY = YES_AGGRESSIVE;
				CLANG_WARN_UNREACHABLE_CODE = YES;
				CLANG_WARN__DUPLICATE_METHOD_MATCH = YES;
				COPY_PHASE_STRIP = NO;
				DEBUG_INFORMATION_FORMAT = dwarf;
				ENABLE_STRICT_OBJC_MSGSEND = YES;
				ENABLE_TESTABILITY = YES;
				ENABLE_USER_SCRIPT_SANDBOXING = YES;
				GCC_C_LANGUAGE_STANDARD = gnu17;
				GCC_DYNAMIC_NO_PIC = NO;
				GCC_NO_COMMON_BLOCKS = YES;
				GCC_OPTIMIZATION_LEVEL = 0;
				GCC_PREPROCESSOR_DEFINITIONS = (
					"DEBUG=1",
					"$(inherited)",
				);
				GCC_WARN_64_TO_32_BIT_CONVERSION = YES;
				GCC_WARN_ABOUT_RETURN_TYPE = YES_ERROR;
				GCC_WARN_UNDECLARED_SELECTOR = YES;
				GCC_WARN_UNINITIALIZED_AUTOS = YES_AGGRESSIVE;
				GCC_WARN_UNUSED_FUNCTION = YES;
				GCC_WARN_UNUSED_VARIABLE = YES;
				IPHONEOS_DEPLOYMENT_TARGET = 18.0;
				LOCALIZATION_PREFERS_STRING_CATALOGS = YES;
				MTL_ENABLE_DEBUG_INFO = INCLUDE_SOURCE;
				MTL_FAST_MATH = YES;
				ONLY_ACTIVE_ARCH = YES;
				SDKROOT = iphoneos;
				SWIFT_ACTIVE_COMPILATION_CONDITIONS = "DEBUG $(inherited)";
				SWIFT_OPTIMIZATION_LEVEL = "-Onone";
			};
			name = Debug;
		};
		4BB0C0822CC010C4009C6CCA /* Release */ = {
			isa = XCBuildConfiguration;
			buildSettings = {
				ALWAYS_SEARCH_USER_PATHS = NO;
				ASSETCATALOG_COMPILER_GENERATE_SWIFT_ASSET_SYMBOL_EXTENSIONS = YES;
				CLANG_ANALYZER_NONNULL = YES;
				CLANG_ANALYZER_NUMBER_OBJECT_CONVERSION = YES_AGGRESSIVE;
				CLANG_CXX_LANGUAGE_STANDARD = "gnu++20";
				CLANG_ENABLE_MODULES = YES;
				CLANG_ENABLE_OBJC_ARC = YES;
				CLANG_ENABLE_OBJC_WEAK = YES;
				CLANG_WARN_BLOCK_CAPTURE_AUTORELEASING = YES;
				CLANG_WARN_BOOL_CONVERSION = YES;
				CLANG_WARN_COMMA = YES;
				CLANG_WARN_CONSTANT_CONVERSION = YES;
				CLANG_WARN_DEPRECATED_OBJC_IMPLEMENTATIONS = YES;
				CLANG_WARN_DIRECT_OBJC_ISA_USAGE = YES_ERROR;
				CLANG_WARN_DOCUMENTATION_COMMENTS = YES;
				CLANG_WARN_EMPTY_BODY = YES;
				CLANG_WARN_ENUM_CONVERSION = YES;
				CLANG_WARN_INFINITE_RECURSION = YES;
				CLANG_WARN_INT_CONVERSION = YES;
				CLANG_WARN_NON_LITERAL_NULL_CONVERSION = YES;
				CLANG_WARN_OBJC_IMPLICIT_RETAIN_SELF = YES;
				CLANG_WARN_OBJC_LITERAL_CONVERSION = YES;
				CLANG_WARN_OBJC_ROOT_CLASS = YES_ERROR;
				CLANG_WARN_QUOTED_INCLUDE_IN_FRAMEWORK_HEADER = YES;
				CLANG_WARN_RANGE_LOOP_ANALYSIS = YES;
				CLANG_WARN_STRICT_PROTOTYPES = YES;
				CLANG_WARN_SUSPICIOUS_MOVE = YES;
				CLANG_WARN_UNGUARDED_AVAILABILITY = YES_AGGRESSIVE;
				CLANG_WARN_UNREACHABLE_CODE = YES;
				CLANG_WARN__DUPLICATE_METHOD_MATCH = YES;
				COPY_PHASE_STRIP = NO;
				DEBUG_INFORMATION_FORMAT = "dwarf-with-dsym";
				ENABLE_NS_ASSERTIONS = NO;
				ENABLE_STRICT_OBJC_MSGSEND = YES;
				ENABLE_USER_SCRIPT_SANDBOXING = YES;
				GCC_C_LANGUAGE_STANDARD = gnu17;
				GCC_NO_COMMON_BLOCKS = YES;
				GCC_WARN_64_TO_32_BIT_CONVERSION = YES;
				GCC_WARN_ABOUT_RETURN_TYPE = YES_ERROR;
				GCC_WARN_UNDECLARED_SELECTOR = YES;
				GCC_WARN_UNINITIALIZED_AUTOS = YES_AGGRESSIVE;
				GCC_WARN_UNUSED_FUNCTION = YES;
				GCC_WARN_UNUSED_VARIABLE = YES;
				IPHONEOS_DEPLOYMENT_TARGET = 18.0;
				LOCALIZATION_PREFERS_STRING_CATALOGS = YES;
				MTL_ENABLE_DEBUG_INFO = NO;
				MTL_FAST_MATH = YES;
				SDKROOT = iphoneos;
				SWIFT_COMPILATION_MODE = wholemodule;
				VALIDATE_PRODUCT = YES;
			};
			name = Release;
		};
/* End XCBuildConfiguration section */

/* Begin XCConfigurationList section */
		4BB0C0632CC010C2009C6CCA /* Build configuration list for PBXProject "petp-gym-master" */ = {
			isa = XCConfigurationList;
			buildConfigurations = (
				4BB0C0812CC010C4009C6CCA /* Debug */,
				4BB0C0822CC010C4009C6CCA /* Release */,
			);
			defaultConfigurationIsVisible = 0;
			defaultConfigurationName = Release;
		};
		4BB0C07E2CC010C4009C6CCA /* Build configuration list for PBXNativeTarget "petp-gym-master" */ = {
			isa = XCConfigurationList;
			buildConfigurations = (
				4BB0C07F2CC010C4009C6CCA /* Debug */,
				4BB0C0802CC010C4009C6CCA /* Release */,
			);
			defaultConfigurationIsVisible = 0;
			defaultConfigurationName = Release;
		};
/* End XCConfigurationList section */

/* Begin XCRemoteSwiftPackageReference section */
		4B1DF9B72CC15B5D007BA391 /* XCRemoteSwiftPackageReference "SnapKit" */ = {
			isa = XCRemoteSwiftPackageReference;
			repositoryURL = "https://github.com/SnapKit/SnapKit.git";
			requirement = {
				kind = upToNextMajorVersion;
				minimumVersion = 5.7.1;
			};
		};
/* End XCRemoteSwiftPackageReference section */

/* Begin XCSwiftPackageProductDependency section */
		4B1DF9B82CC15B5D007BA391 /* SnapKit */ = {
			isa = XCSwiftPackageProductDependency;
			package = 4B1DF9B72CC15B5D007BA391 /* XCRemoteSwiftPackageReference "SnapKit" */;
			productName = SnapKit;
		};
		4B1DF9BA2CC15B5D007BA391 /* SnapKit-Dynamic */ = {
			isa = XCSwiftPackageProductDependency;
			package = 4B1DF9B72CC15B5D007BA391 /* XCRemoteSwiftPackageReference "SnapKit" */;
			productName = "SnapKit-Dynamic";
		};
/* End XCSwiftPackageProductDependency section */

/* Begin XCVersionGroup section */
		4B1DF9A72CC15931007BA391 /* petp_gym_master.xcdatamodeld */ = {
			isa = XCVersionGroup;
			children = (
				4B1DF9AB2CC15931007BA391 /* petp_gym_master.xcdatamodel */,
			);
			currentVersion = 4B1DF9AB2CC15931007BA391 /* petp_gym_master.xcdatamodel */;
			path = petp_gym_master.xcdatamodeld;
			sourceTree = "<group>";
			versionGroupType = wrapper.xcdatamodel;
		};
/* End XCVersionGroup section */
	};
	rootObject = 4BB0C0602CC010C2009C6CCA /* Project object */;
}
